
Microsoft Visual Studio Solution File, Format Version 12.00
# Visual Studio Version 17
VisualStudioVersion = 17.1.32421.90
MinimumVisualStudioVersion = 10.0.40219.1
Project("{9A19103F-16F7-4668-BE54-9A1E7A4F7556}") = "Ecommerce3.Presentacion_2", "Ecommerce3.Presentacion_2\Ecommerce3.Presentacion_2.csproj", "{891D6928-6B2F-437D-BE30-68E117D264F3}"
EndProject
Project("{FAE04EC0-301F-11D3-BF4B-00C04F79EFBC}") = "Ecommerce3.Datos", "Ecommerce.Datos\Ecommerce3.Datos.csproj", "{1ABDAE4D-C103-4D73-BAAF-F67CF27ACE1E}"
EndProject
Project("{FAE04EC0-301F-11D3-BF4B-00C04F79EFBC}") = "Ecommerce3.Dominioo", "Ecommerce3.Dominioo\Ecommerce3.Dominioo.csproj", "{D9BFEAF4-EDE8-4F64-982A-FD0A588D2FA0}"
EndProject
Project("{FAE04EC0-301F-11D3-BF4B-00C04F79EFBC}") = "Ecommerce3.Negocio", "Ecommerce3.Negocio\Ecommerce3.Negocio.csproj", "{EC9AE4C5-8CE0-459E-9429-14CF0E023A68}"
EndProject
Global
	GlobalSection(SolutionConfigurationPlatforms) = preSolution
		Debug|Any CPU = Debug|Any CPU
		Release|Any CPU = Release|Any CPU
	EndGlobalSection
	GlobalSection(ProjectConfigurationPlatforms) = postSolution
		{891D6928-6B2F-437D-BE30-68E117D264F3}.Debug|Any CPU.ActiveCfg = Debug|Any CPU
		{891D6928-6B2F-437D-BE30-68E117D264F3}.Debug|Any CPU.Build.0 = Debug|Any CPU
		{891D6928-6B2F-437D-BE30-68E117D264F3}.Release|Any CPU.ActiveCfg = Release|Any CPU
		{891D6928-6B2F-437D-BE30-68E117D264F3}.Release|Any CPU.Build.0 = Release|Any CPU
		{1ABDAE4D-C103-4D73-BAAF-F67CF27ACE1E}.Debug|Any CPU.ActiveCfg = Debug|Any CPU
		{1ABDAE4D-C103-4D73-BAAF-F67CF27ACE1E}.Debug|Any CPU.Build.0 = Debug|Any CPU
		{1ABDAE4D-C103-4D73-BAAF-F67CF27ACE1E}.Release|Any CPU.ActiveCfg = Release|Any CPU
		{1ABDAE4D-C103-4D73-BAAF-F67CF27ACE1E}.Release|Any CPU.Build.0 = Release|Any CPU
		{D9BFEAF4-EDE8-4F64-982A-FD0A588D2FA0}.Debug|Any CPU.ActiveCfg = Debug|Any CPU
		{D9BFEAF4-EDE8-4F64-982A-FD0A588D2FA0}.Debug|Any CPU.Build.0 = Debug|Any CPU
		{D9BFEAF4-EDE8-4F64-982A-FD0A588D2FA0}.Release|Any CPU.ActiveCfg = Release|Any CPU
		{D9BFEAF4-EDE8-4F64-982A-FD0A588D2FA0}.Release|Any CPU.Build.0 = Release|Any CPU
		{EC9AE4C5-8CE0-459E-9429-14CF0E023A68}.Debug|Any CPU.ActiveCfg = Debug|Any CPU
		{EC9AE4C5-8CE0-459E-9429-14CF0E023A68}.Debug|Any CPU.Build.0 = Debug|Any CPU
		{EC9AE4C5-8CE0-459E-9429-14CF0E023A68}.Release|Any CPU.ActiveCfg = Release|Any CPU
		{EC9AE4C5-8CE0-459E-9429-14CF0E023A68}.Release|Any CPU.Build.0 = Release|Any CPU
	EndGlobalSection
	GlobalSection(SolutionProperties) = preSolution
		HideSolutionNode = FALSE
	EndGlobalSection
	GlobalSection(ExtensibilityGlobals) = postSolution
		SolutionGuid = {2E3525DF-9475-4670-8356-C766847CF69E}
	EndGlobalSection
EndGlobal
